// !$*UTF8*$!
{
	archiveVersion = 1;
	classes = {
	};
	objectVersion = 56;
	objects = {

/* Begin PBXBuildFile section */
		B01444A52AF4776400A64FBF /* HomeViewController.swift in Sources */ = {isa = PBXBuildFile; fileRef = B01444A42AF4776300A64FBF /* HomeViewController.swift */; };
		B04900F82AEAA1AA001AA08A /* SignUpViewController.swift in Sources */ = {isa = PBXBuildFile; fileRef = B04900F72AEAA1AA001AA08A /* SignUpViewController.swift */; };
		B04900FA2AEAA1B9001AA08A /* LoginViewController.swift in Sources */ = {isa = PBXBuildFile; fileRef = B04900F92AEAA1B9001AA08A /* LoginViewController.swift */; };
		B04900FD2AEAA268001AA08A /* User.swift in Sources */ = {isa = PBXBuildFile; fileRef = B04900FC2AEAA268001AA08A /* User.swift */; };
		B04901032AEAB405001AA08A /* ParseSwift in Frameworks */ = {isa = PBXBuildFile; productRef = B04901022AEAB405001AA08A /* ParseSwift */; };
		B04901092AEAFCD1001AA08A /* WorkoutViewController.swift in Sources */ = {isa = PBXBuildFile; fileRef = B04901082AEAFCD1001AA08A /* WorkoutViewController.swift */; };
		B049010C2AEB0054001AA08A /* Recipe.swift in Sources */ = {isa = PBXBuildFile; fileRef = B049010B2AEB0054001AA08A /* Recipe.swift */; };
		B049010E2AEB0970001AA08A /* Workout.swift in Sources */ = {isa = PBXBuildFile; fileRef = B049010D2AEB0970001AA08A /* Workout.swift */; };
		B04901142AEBC8C9001AA08A /* Nuke in Frameworks */ = {isa = PBXBuildFile; productRef = B04901132AEBC8C9001AA08A /* Nuke */; };
		B04901162AEBC8C9001AA08A /* NukeExtensions in Frameworks */ = {isa = PBXBuildFile; productRef = B04901152AEBC8C9001AA08A /* NukeExtensions */; };
		B04901182AEBC8C9001AA08A /* NukeUI in Frameworks */ = {isa = PBXBuildFile; productRef = B04901172AEBC8C9001AA08A /* NukeUI */; };
		B049011A2AEBC8C9001AA08A /* NukeVideo in Frameworks */ = {isa = PBXBuildFile; productRef = B04901192AEBC8C9001AA08A /* NukeVideo */; };
		B0D1E0172AF7078C00E1B133 /* EdamamService.swift in Sources */ = {isa = PBXBuildFile; fileRef = B0D1E0162AF7078C00E1B133 /* EdamamService.swift */; };
		B0D1E01A2AF7086400E1B133 /* RecipeTableViewCell.swift in Sources */ = {isa = PBXBuildFile; fileRef = B0D1E0192AF7086400E1B133 /* RecipeTableViewCell.swift */; };
		B0D2610A2AF552290001A2B1 /* SearchViewController.swift in Sources */ = {isa = PBXBuildFile; fileRef = B0D261092AF552290001A2B1 /* SearchViewController.swift */; };
		B0DF07B92AF7BCEA00088901 /* RecipeTableViewController.swift in Sources */ = {isa = PBXBuildFile; fileRef = B0DF07B82AF7BCEA00088901 /* RecipeTableViewController.swift */; };
		C3A254C52AE3585F00746AC4 /* AppDelegate.swift in Sources */ = {isa = PBXBuildFile; fileRef = C3A254C42AE3585F00746AC4 /* AppDelegate.swift */; };
		C3A254C72AE3585F00746AC4 /* SceneDelegate.swift in Sources */ = {isa = PBXBuildFile; fileRef = C3A254C62AE3585F00746AC4 /* SceneDelegate.swift */; };
		C3A254C92AE3585F00746AC4 /* ViewController.swift in Sources */ = {isa = PBXBuildFile; fileRef = C3A254C82AE3585F00746AC4 /* ViewController.swift */; };
		C3A254CC2AE3585F00746AC4 /* Main.storyboard in Resources */ = {isa = PBXBuildFile; fileRef = C3A254CA2AE3585F00746AC4 /* Main.storyboard */; };
		C3A254CE2AE3586000746AC4 /* Assets.xcassets in Resources */ = {isa = PBXBuildFile; fileRef = C3A254CD2AE3586000746AC4 /* Assets.xcassets */; };
		C3A254D12AE3586000746AC4 /* LaunchScreen.storyboard in Resources */ = {isa = PBXBuildFile; fileRef = C3A254CF2AE3586000746AC4 /* LaunchScreen.storyboard */; };
/* End PBXBuildFile section */

/* Begin PBXFileReference section */
		B01444A42AF4776300A64FBF /* HomeViewController.swift */ = {isa = PBXFileReference; lastKnownFileType = sourcecode.swift; path = HomeViewController.swift; sourceTree = "<group>"; };
		B04900F72AEAA1AA001AA08A /* SignUpViewController.swift */ = {isa = PBXFileReference; lastKnownFileType = sourcecode.swift; path = SignUpViewController.swift; sourceTree = "<group>"; };
		B04900F92AEAA1B9001AA08A /* LoginViewController.swift */ = {isa = PBXFileReference; lastKnownFileType = sourcecode.swift; path = LoginViewController.swift; sourceTree = "<group>"; };
		B04900FC2AEAA268001AA08A /* User.swift */ = {isa = PBXFileReference; lastKnownFileType = sourcecode.swift; path = User.swift; sourceTree = "<group>"; };
		B04901082AEAFCD1001AA08A /* WorkoutViewController.swift */ = {isa = PBXFileReference; lastKnownFileType = sourcecode.swift; path = WorkoutViewController.swift; sourceTree = "<group>"; };
		B049010B2AEB0054001AA08A /* Recipe.swift */ = {isa = PBXFileReference; lastKnownFileType = sourcecode.swift; path = Recipe.swift; sourceTree = "<group>"; };
		B049010D2AEB0970001AA08A /* Workout.swift */ = {isa = PBXFileReference; lastKnownFileType = sourcecode.swift; path = Workout.swift; sourceTree = "<group>"; };
		B0D1E0162AF7078C00E1B133 /* EdamamService.swift */ = {isa = PBXFileReference; lastKnownFileType = sourcecode.swift; path = EdamamService.swift; sourceTree = "<group>"; };
		B0D1E0192AF7086400E1B133 /* RecipeTableViewCell.swift */ = {isa = PBXFileReference; lastKnownFileType = sourcecode.swift; path = RecipeTableViewCell.swift; sourceTree = "<group>"; };
		B0D261092AF552290001A2B1 /* SearchViewController.swift */ = {isa = PBXFileReference; lastKnownFileType = sourcecode.swift; path = SearchViewController.swift; sourceTree = "<group>"; };
		B0DF07B82AF7BCEA00088901 /* RecipeTableViewController.swift */ = {isa = PBXFileReference; lastKnownFileType = sourcecode.swift; path = RecipeTableViewController.swift; sourceTree = "<group>"; };
		C3A254C12AE3585F00746AC4 /* GainzTracker.app */ = {isa = PBXFileReference; explicitFileType = wrapper.application; includeInIndex = 0; path = GainzTracker.app; sourceTree = BUILT_PRODUCTS_DIR; };
		C3A254C42AE3585F00746AC4 /* AppDelegate.swift */ = {isa = PBXFileReference; lastKnownFileType = sourcecode.swift; path = AppDelegate.swift; sourceTree = "<group>"; };
		C3A254C62AE3585F00746AC4 /* SceneDelegate.swift */ = {isa = PBXFileReference; lastKnownFileType = sourcecode.swift; path = SceneDelegate.swift; sourceTree = "<group>"; };
		C3A254C82AE3585F00746AC4 /* ViewController.swift */ = {isa = PBXFileReference; lastKnownFileType = sourcecode.swift; path = ViewController.swift; sourceTree = "<group>"; };
		C3A254CB2AE3585F00746AC4 /* Base */ = {isa = PBXFileReference; lastKnownFileType = file.storyboard; name = Base; path = Base.lproj/Main.storyboard; sourceTree = "<group>"; };
		C3A254CD2AE3586000746AC4 /* Assets.xcassets */ = {isa = PBXFileReference; lastKnownFileType = folder.assetcatalog; path = Assets.xcassets; sourceTree = "<group>"; };
		C3A254D02AE3586000746AC4 /* Base */ = {isa = PBXFileReference; lastKnownFileType = file.storyboard; name = Base; path = Base.lproj/LaunchScreen.storyboard; sourceTree = "<group>"; };
		C3A254D22AE3586000746AC4 /* Info.plist */ = {isa = PBXFileReference; lastKnownFileType = text.plist.xml; path = Info.plist; sourceTree = "<group>"; };
/* End PBXFileReference section */

/* Begin PBXFrameworksBuildPhase section */
		C3A254BE2AE3585F00746AC4 /* Frameworks */ = {
			isa = PBXFrameworksBuildPhase;
			buildActionMask = 2147483647;
			files = (
				B04901032AEAB405001AA08A /* ParseSwift in Frameworks */,
				B04901142AEBC8C9001AA08A /* Nuke in Frameworks */,
				B049011A2AEBC8C9001AA08A /* NukeVideo in Frameworks */,
				B04901162AEBC8C9001AA08A /* NukeExtensions in Frameworks */,
				B04901182AEBC8C9001AA08A /* NukeUI in Frameworks */,
			);
			runOnlyForDeploymentPostprocessing = 0;
		};
/* End PBXFrameworksBuildPhase section */

/* Begin PBXGroup section */
		B04900F62AEAA15E001AA08A /* Login */ = {
			isa = PBXGroup;
			children = (
				B04900F72AEAA1AA001AA08A /* SignUpViewController.swift */,
				B04900F92AEAA1B9001AA08A /* LoginViewController.swift */,
			);
			path = Login;
			sourceTree = "<group>";
		};
		B04900FB2AEAA25A001AA08A /* Models */ = {
			isa = PBXGroup;
			children = (
				B04900FC2AEAA268001AA08A /* User.swift */,
			);
			path = Models;
			sourceTree = "<group>";
		};
		B04901042AEAFC8D001AA08A /* Learning Tabs */ = {
			isa = PBXGroup;
			children = (
				B04901082AEAFCD1001AA08A /* WorkoutViewController.swift */,
				B0D261092AF552290001A2B1 /* SearchViewController.swift */,
				B0DF07B82AF7BCEA00088901 /* RecipeTableViewController.swift */,
			);
			path = "Learning Tabs";
			sourceTree = "<group>";
		};
		B049010A2AEB0046001AA08A /* APIs */ = {
			isa = PBXGroup;
			children = (
				B049010B2AEB0054001AA08A /* Recipe.swift */,
				B049010D2AEB0970001AA08A /* Workout.swift */,
				B0D1E0162AF7078C00E1B133 /* EdamamService.swift */,
			);
			path = APIs;
			sourceTree = "<group>";
		};
		B049010F2AEBC822001AA08A /* Cells */ = {
			isa = PBXGroup;
			children = (
				B0D1E0192AF7086400E1B133 /* RecipeTableViewCell.swift */,
			);
			path = Cells;
			sourceTree = "<group>";
		};
		B0D1E0182AF7081C00E1B133 /* RecipeCell */ = {
			isa = PBXGroup;
			children = (
			);
			path = RecipeCell;
			sourceTree = "<group>";
		};
		C3A254B82AE3585F00746AC4 = {
			isa = PBXGroup;
			children = (
				C3A254C32AE3585F00746AC4 /* GainzTracker */,
				C3A254C22AE3585F00746AC4 /* Products */,
			);
			sourceTree = "<group>";
		};
		C3A254C22AE3585F00746AC4 /* Products */ = {
			isa = PBXGroup;
			children = (
				C3A254C12AE3585F00746AC4 /* GainzTracker.app */,
			);
			name = Products;
			sourceTree = "<group>";
		};
		C3A254C32AE3585F00746AC4 /* GainzTracker */ = {
			isa = PBXGroup;
			children = (
				B0D1E0182AF7081C00E1B133 /* RecipeCell */,
				C3A254C42AE3585F00746AC4 /* AppDelegate.swift */,
				C3A254C62AE3585F00746AC4 /* SceneDelegate.swift */,
				B049010A2AEB0046001AA08A /* APIs */,
				B04900F62AEAA15E001AA08A /* Login */,
				B04900FB2AEAA25A001AA08A /* Models */,
				B04901042AEAFC8D001AA08A /* Learning Tabs */,
				B049010F2AEBC822001AA08A /* Cells */,
				C3A254C82AE3585F00746AC4 /* ViewController.swift */,
				B01444A42AF4776300A64FBF /* HomeViewController.swift */,
				C3A254CA2AE3585F00746AC4 /* Main.storyboard */,
				C3A254CD2AE3586000746AC4 /* Assets.xcassets */,
				C3A254CF2AE3586000746AC4 /* LaunchScreen.storyboard */,
				C3A254D22AE3586000746AC4 /* Info.plist */,
			);
			path = GainzTracker;
			sourceTree = "<group>";
		};
/* End PBXGroup section */

/* Begin PBXNativeTarget section */
		C3A254C02AE3585F00746AC4 /* GainzTracker */ = {
			isa = PBXNativeTarget;
			buildConfigurationList = C3A254D52AE3586000746AC4 /* Build configuration list for PBXNativeTarget "GainzTracker" */;
			buildPhases = (
				C3A254BD2AE3585F00746AC4 /* Sources */,
				C3A254BE2AE3585F00746AC4 /* Frameworks */,
				C3A254BF2AE3585F00746AC4 /* Resources */,
			);
			buildRules = (
			);
			dependencies = (
			);
			name = GainzTracker;
			packageProductDependencies = (
				B04901022AEAB405001AA08A /* ParseSwift */,
				B04901132AEBC8C9001AA08A /* Nuke */,
				B04901152AEBC8C9001AA08A /* NukeExtensions */,
				B04901172AEBC8C9001AA08A /* NukeUI */,
				B04901192AEBC8C9001AA08A /* NukeVideo */,
			);
			productName = GainzTracker;
			productReference = C3A254C12AE3585F00746AC4 /* GainzTracker.app */;
			productType = "com.apple.product-type.application";
		};
/* End PBXNativeTarget section */

/* Begin PBXProject section */
		C3A254B92AE3585F00746AC4 /* Project object */ = {
			isa = PBXProject;
			attributes = {
				BuildIndependentTargetsInParallel = 1;
				LastSwiftUpdateCheck = 1500;
				LastUpgradeCheck = 1500;
				TargetAttributes = {
					C3A254C02AE3585F00746AC4 = {
						CreatedOnToolsVersion = 15.0;
					};
				};
			};
			buildConfigurationList = C3A254BC2AE3585F00746AC4 /* Build configuration list for PBXProject "GainzTracker" */;
			compatibilityVersion = "Xcode 14.0";
			developmentRegion = en;
			hasScannedForEncodings = 0;
			knownRegions = (
				en,
				Base,
			);
			mainGroup = C3A254B82AE3585F00746AC4;
			packageReferences = (
				B04901012AEAB405001AA08A /* XCRemoteSwiftPackageReference "Parse-Swift" */,
				B04901122AEBC8C9001AA08A /* XCRemoteSwiftPackageReference "Nuke" */,
			);
			productRefGroup = C3A254C22AE3585F00746AC4 /* Products */;
			projectDirPath = "";
			projectRoot = "";
			targets = (
				C3A254C02AE3585F00746AC4 /* GainzTracker */,
			);
		};
/* End PBXProject section */

/* Begin PBXResourcesBuildPhase section */
		C3A254BF2AE3585F00746AC4 /* Resources */ = {
			isa = PBXResourcesBuildPhase;
			buildActionMask = 2147483647;
			files = (
				C3A254D12AE3586000746AC4 /* LaunchScreen.storyboard in Resources */,
				C3A254CE2AE3586000746AC4 /* Assets.xcassets in Resources */,
				C3A254CC2AE3585F00746AC4 /* Main.storyboard in Resources */,
			);
			runOnlyForDeploymentPostprocessing = 0;
		};
/* End PBXResourcesBuildPhase section */

/* Begin PBXSourcesBuildPhase section */
		C3A254BD2AE3585F00746AC4 /* Sources */ = {
			isa = PBXSourcesBuildPhase;
			buildActionMask = 2147483647;
			files = (
				B0D2610A2AF552290001A2B1 /* SearchViewController.swift in Sources */,
				B04901092AEAFCD1001AA08A /* WorkoutViewController.swift in Sources */,
				C3A254C92AE3585F00746AC4 /* ViewController.swift in Sources */,
				C3A254C52AE3585F00746AC4 /* AppDelegate.swift in Sources */,
				B01444A52AF4776400A64FBF /* HomeViewController.swift in Sources */,
				B049010E2AEB0970001AA08A /* Workout.swift in Sources */,
				B04900FD2AEAA268001AA08A /* User.swift in Sources */,
				B04900F82AEAA1AA001AA08A /* SignUpViewController.swift in Sources */,
				B0DF07B92AF7BCEA00088901 /* RecipeTableViewController.swift in Sources */,
				B0D1E0172AF7078C00E1B133 /* EdamamService.swift in Sources */,
				B049010C2AEB0054001AA08A /* Recipe.swift in Sources */,
				B04900FA2AEAA1B9001AA08A /* LoginViewController.swift in Sources */,
				C3A254C72AE3585F00746AC4 /* SceneDelegate.swift in Sources */,
				B0D1E01A2AF7086400E1B133 /* RecipeTableViewCell.swift in Sources */,
			);
			runOnlyForDeploymentPostprocessing = 0;
		};
/* End PBXSourcesBuildPhase section */

/* Begin PBXVariantGroup section */
		C3A254CA2AE3585F00746AC4 /* Main.storyboard */ = {
			isa = PBXVariantGroup;
			children = (
				C3A254CB2AE3585F00746AC4 /* Base */,
			);
			name = Main.storyboard;
			sourceTree = "<group>";
		};
		C3A254CF2AE3586000746AC4 /* LaunchScreen.storyboard */ = {
			isa = PBXVariantGroup;
			children = (
				C3A254D02AE3586000746AC4 /* Base */,
			);
			name = LaunchScreen.storyboard;
			sourceTree = "<group>";
		};
/* End PBXVariantGroup section */

/* Begin XCBuildConfiguration section */
		C3A254D32AE3586000746AC4 /* Debug */ = {
			isa = XCBuildConfiguration;
			buildSettings = {
				ALWAYS_SEARCH_USER_PATHS = NO;
				ASSETCATALOG_COMPILER_GENERATE_SWIFT_ASSET_SYMBOL_EXTENSIONS = YES;
				CLANG_ANALYZER_NONNULL = YES;
				CLANG_ANALYZER_NUMBER_OBJECT_CONVERSION = YES_AGGRESSIVE;
				CLANG_CXX_LANGUAGE_STANDARD = "gnu++20";
				CLANG_ENABLE_MODULES = YES;
				CLANG_ENABLE_OBJC_ARC = YES;
				CLANG_ENABLE_OBJC_WEAK = YES;
				CLANG_WARN_BLOCK_CAPTURE_AUTORELEASING = YES;
				CLANG_WARN_BOOL_CONVERSION = YES;
				CLANG_WARN_COMMA = YES;
				CLANG_WARN_CONSTANT_CONVERSION = YES;
				CLANG_WARN_DEPRECATED_OBJC_IMPLEMENTATIONS = YES;
				CLANG_WARN_DIRECT_OBJC_ISA_USAGE = YES_ERROR;
				CLANG_WARN_DOCUMENTATION_COMMENTS = YES;
				CLANG_WARN_EMPTY_BODY = YES;
				CLANG_WARN_ENUM_CONVERSION = YES;
				CLANG_WARN_INFINITE_RECURSION = YES;
				CLANG_WARN_INT_CONVERSION = YES;
				CLANG_WARN_NON_LITERAL_NULL_CONVERSION = YES;
				CLANG_WARN_OBJC_IMPLICIT_RETAIN_SELF = YES;
				CLANG_WARN_OBJC_LITERAL_CONVERSION = YES;
				CLANG_WARN_OBJC_ROOT_CLASS = YES_ERROR;
				CLANG_WARN_QUOTED_INCLUDE_IN_FRAMEWORK_HEADER = YES;
				CLANG_WARN_RANGE_LOOP_ANALYSIS = YES;
				CLANG_WARN_STRICT_PROTOTYPES = YES;
				CLANG_WARN_SUSPICIOUS_MOVE = YES;
				CLANG_WARN_UNGUARDED_AVAILABILITY = YES_AGGRESSIVE;
				CLANG_WARN_UNREACHABLE_CODE = YES;
				CLANG_WARN__DUPLICATE_METHOD_MATCH = YES;
				COPY_PHASE_STRIP = NO;
				DEBUG_INFORMATION_FORMAT = dwarf;
				ENABLE_STRICT_OBJC_MSGSEND = YES;
				ENABLE_TESTABILITY = YES;
				ENABLE_USER_SCRIPT_SANDBOXING = YES;
				GCC_C_LANGUAGE_STANDARD = gnu17;
				GCC_DYNAMIC_NO_PIC = NO;
				GCC_NO_COMMON_BLOCKS = YES;
				GCC_OPTIMIZATION_LEVEL = 0;
				GCC_PREPROCESSOR_DEFINITIONS = (
					"DEBUG=1",
					"$(inherited)",
				);
				GCC_WARN_64_TO_32_BIT_CONVERSION = YES;
				GCC_WARN_ABOUT_RETURN_TYPE = YES_ERROR;
				GCC_WARN_UNDECLARED_SELECTOR = YES;
				GCC_WARN_UNINITIALIZED_AUTOS = YES_AGGRESSIVE;
				GCC_WARN_UNUSED_FUNCTION = YES;
				GCC_WARN_UNUSED_VARIABLE = YES;
				IPHONEOS_DEPLOYMENT_TARGET = 17.0;
				LOCALIZATION_PREFERS_STRING_CATALOGS = YES;
				MTL_ENABLE_DEBUG_INFO = INCLUDE_SOURCE;
				MTL_FAST_MATH = YES;
				ONLY_ACTIVE_ARCH = YES;
				SDKROOT = iphoneos;
				SWIFT_ACTIVE_COMPILATION_CONDITIONS = "DEBUG $(inherited)";
				SWIFT_OPTIMIZATION_LEVEL = "-Onone";
			};
			name = Debug;
		};
		C3A254D42AE3586000746AC4 /* Release */ = {
			isa = XCBuildConfiguration;
			buildSettings = {
				ALWAYS_SEARCH_USER_PATHS = NO;
				ASSETCATALOG_COMPILER_GENERATE_SWIFT_ASSET_SYMBOL_EXTENSIONS = YES;
				CLANG_ANALYZER_NONNULL = YES;
				CLANG_ANALYZER_NUMBER_OBJECT_CONVERSION = YES_AGGRESSIVE;
				CLANG_CXX_LANGUAGE_STANDARD = "gnu++20";
				CLANG_ENABLE_MODULES = YES;
				CLANG_ENABLE_OBJC_ARC = YES;
				CLANG_ENABLE_OBJC_WEAK = YES;
				CLANG_WARN_BLOCK_CAPTURE_AUTORELEASING = YES;
				CLANG_WARN_BOOL_CONVERSION = YES;
				CLANG_WARN_COMMA = YES;
				CLANG_WARN_CONSTANT_CONVERSION = YES;
				CLANG_WARN_DEPRECATED_OBJC_IMPLEMENTATIONS = YES;
				CLANG_WARN_DIRECT_OBJC_ISA_USAGE = YES_ERROR;
				CLANG_WARN_DOCUMENTATION_COMMENTS = YES;
				CLANG_WARN_EMPTY_BODY = YES;
				CLANG_WARN_ENUM_CONVERSION = YES;
				CLANG_WARN_INFINITE_RECURSION = YES;
				CLANG_WARN_INT_CONVERSION = YES;
				CLANG_WARN_NON_LITERAL_NULL_CONVERSION = YES;
				CLANG_WARN_OBJC_IMPLICIT_RETAIN_SELF = YES;
				CLANG_WARN_OBJC_LITERAL_CONVERSION = YES;
				CLANG_WARN_OBJC_ROOT_CLASS = YES_ERROR;
				CLANG_WARN_QUOTED_INCLUDE_IN_FRAMEWORK_HEADER = YES;
				CLANG_WARN_RANGE_LOOP_ANALYSIS = YES;
				CLANG_WARN_STRICT_PROTOTYPES = YES;
				CLANG_WARN_SUSPICIOUS_MOVE = YES;
				CLANG_WARN_UNGUARDED_AVAILABILITY = YES_AGGRESSIVE;
				CLANG_WARN_UNREACHABLE_CODE = YES;
				CLANG_WARN__DUPLICATE_METHOD_MATCH = YES;
				COPY_PHASE_STRIP = NO;
				DEBUG_INFORMATION_FORMAT = "dwarf-with-dsym";
				ENABLE_NS_ASSERTIONS = NO;
				ENABLE_STRICT_OBJC_MSGSEND = YES;
				ENABLE_USER_SCRIPT_SANDBOXING = YES;
				GCC_C_LANGUAGE_STANDARD = gnu17;
				GCC_NO_COMMON_BLOCKS = YES;
				GCC_WARN_64_TO_32_BIT_CONVERSION = YES;
				GCC_WARN_ABOUT_RETURN_TYPE = YES_ERROR;
				GCC_WARN_UNDECLARED_SELECTOR = YES;
				GCC_WARN_UNINITIALIZED_AUTOS = YES_AGGRESSIVE;
				GCC_WARN_UNUSED_FUNCTION = YES;
				GCC_WARN_UNUSED_VARIABLE = YES;
				IPHONEOS_DEPLOYMENT_TARGET = 17.0;
				LOCALIZATION_PREFERS_STRING_CATALOGS = YES;
				MTL_ENABLE_DEBUG_INFO = NO;
				MTL_FAST_MATH = YES;
				SDKROOT = iphoneos;
				SWIFT_COMPILATION_MODE = wholemodule;
				VALIDATE_PRODUCT = YES;
			};
			name = Release;
		};
		C3A254D62AE3586000746AC4 /* Debug */ = {
			isa = XCBuildConfiguration;
			buildSettings = {
				ASSETCATALOG_COMPILER_APPICON_NAME = AppIcon;
				ASSETCATALOG_COMPILER_GLOBAL_ACCENT_COLOR_NAME = AccentColor;
				CODE_SIGN_STYLE = Automatic;
				CURRENT_PROJECT_VERSION = 1;
				GENERATE_INFOPLIST_FILE = YES;
				INFOPLIST_FILE = GainzTracker/Info.plist;
				INFOPLIST_KEY_UIApplicationSupportsIndirectInputEvents = YES;
				INFOPLIST_KEY_UILaunchStoryboardName = LaunchScreen;
				INFOPLIST_KEY_UIMainStoryboardFile = Main;
				INFOPLIST_KEY_UISupportedInterfaceOrientations_iPad = "UIInterfaceOrientationPortrait UIInterfaceOrientationPortraitUpsideDown UIInterfaceOrientationLandscapeLeft UIInterfaceOrientationLandscapeRight";
				INFOPLIST_KEY_UISupportedInterfaceOrientations_iPhone = "UIInterfaceOrientationPortrait UIInterfaceOrientationLandscapeLeft UIInterfaceOrientationLandscapeRight";
				LD_RUNPATH_SEARCH_PATHS = (
					"$(inherited)",
					"@executable_path/Frameworks",
				);
				MARKETING_VERSION = 1.0;
				PRODUCT_BUNDLE_IDENTIFIER = fiu.edu.GainzTracker;
				PRODUCT_NAME = "$(TARGET_NAME)";
				SWIFT_EMIT_LOC_STRINGS = YES;
				SWIFT_VERSION = 5.0;
				TARGETED_DEVICE_FAMILY = "1,2";
			};
			name = Debug;
		};
		C3A254D72AE3586000746AC4 /* Release */ = {
			isa = XCBuildConfiguration;
			buildSettings = {
				ASSETCATALOG_COMPILER_APPICON_NAME = AppIcon;
				ASSETCATALOG_COMPILER_GLOBAL_ACCENT_COLOR_NAME = AccentColor;
				CODE_SIGN_STYLE = Automatic;
				CURRENT_PROJECT_VERSION = 1;
				GENERATE_INFOPLIST_FILE = YES;
				INFOPLIST_FILE = GainzTracker/Info.plist;
				INFOPLIST_KEY_UIApplicationSupportsIndirectInputEvents = YES;
				INFOPLIST_KEY_UILaunchStoryboardName = LaunchScreen;
				INFOPLIST_KEY_UIMainStoryboardFile = Main;
				INFOPLIST_KEY_UISupportedInterfaceOrientations_iPad = "UIInterfaceOrientationPortrait UIInterfaceOrientationPortraitUpsideDown UIInterfaceOrientationLandscapeLeft UIInterfaceOrientationLandscapeRight";
				INFOPLIST_KEY_UISupportedInterfaceOrientations_iPhone = "UIInterfaceOrientationPortrait UIInterfaceOrientationLandscapeLeft UIInterfaceOrientationLandscapeRight";
				LD_RUNPATH_SEARCH_PATHS = (
					"$(inherited)",
					"@executable_path/Frameworks",
				);
				MARKETING_VERSION = 1.0;
				PRODUCT_BUNDLE_IDENTIFIER = fiu.edu.GainzTracker;
				PRODUCT_NAME = "$(TARGET_NAME)";
				SWIFT_EMIT_LOC_STRINGS = YES;
				SWIFT_VERSION = 5.0;
				TARGETED_DEVICE_FAMILY = "1,2";
			};
			name = Release;
		};
/* End XCBuildConfiguration section */

/* Begin XCConfigurationList section */
		C3A254BC2AE3585F00746AC4 /* Build configuration list for PBXProject "GainzTracker" */ = {
			isa = XCConfigurationList;
			buildConfigurations = (
				C3A254D32AE3586000746AC4 /* Debug */,
				C3A254D42AE3586000746AC4 /* Release */,
			);
			defaultConfigurationIsVisible = 0;
			defaultConfigurationName = Release;
		};
		C3A254D52AE3586000746AC4 /* Build configuration list for PBXNativeTarget "GainzTracker" */ = {
			isa = XCConfigurationList;
			buildConfigurations = (
				C3A254D62AE3586000746AC4 /* Debug */,
				C3A254D72AE3586000746AC4 /* Release */,
			);
			defaultConfigurationIsVisible = 0;
			defaultConfigurationName = Release;
		};
/* End XCConfigurationList section */

/* Begin XCRemoteSwiftPackageReference section */
		B04901012AEAB405001AA08A /* XCRemoteSwiftPackageReference "Parse-Swift" */ = {
			isa = XCRemoteSwiftPackageReference;
			repositoryURL = "https://github.com/parse-community/Parse-Swift";
			requirement = {
				kind = upToNextMajorVersion;
				minimumVersion = 4.14.2;
			};
		};
		B04901122AEBC8C9001AA08A /* XCRemoteSwiftPackageReference "Nuke" */ = {
			isa = XCRemoteSwiftPackageReference;
			repositoryURL = "https://github.com/kean/Nuke.git";
			requirement = {
				kind = upToNextMajorVersion;
				minimumVersion = 12.1.6;
			};
		};
/* End XCRemoteSwiftPackageReference section */

/* Begin XCSwiftPackageProductDependency section */
		B04901022AEAB405001AA08A /* ParseSwift */ = {
			isa = XCSwiftPackageProductDependency;
			package = B04901012AEAB405001AA08A /* XCRemoteSwiftPackageReference "Parse-Swift" */;
			productName = ParseSwift;
		};
		B04901132AEBC8C9001AA08A /* Nuke */ = {
			isa = XCSwiftPackageProductDependency;
			package = B04901122AEBC8C9001AA08A /* XCRemoteSwiftPackageReference "Nuke" */;
			productName = Nuke;
		};
		B04901152AEBC8C9001AA08A /* NukeExtensions */ = {
			isa = XCSwiftPackageProductDependency;
			package = B04901122AEBC8C9001AA08A /* XCRemoteSwiftPackageReference "Nuke" */;
			productName = NukeExtensions;
		};
		B04901172AEBC8C9001AA08A /* NukeUI */ = {
			isa = XCSwiftPackageProductDependency;
			package = B04901122AEBC8C9001AA08A /* XCRemoteSwiftPackageReference "Nuke" */;
			productName = NukeUI;
		};
		B04901192AEBC8C9001AA08A /* NukeVideo */ = {
			isa = XCSwiftPackageProductDependency;
			package = B04901122AEBC8C9001AA08A /* XCRemoteSwiftPackageReference "Nuke" */;
			productName = NukeVideo;
		};
/* End XCSwiftPackageProductDependency section */
	};
	rootObject = C3A254B92AE3585F00746AC4 /* Project object */;
}
